// !$*UTF8*$!
{
	archiveVersion = 1;
	classes = {
	};
	objectVersion = 46;
	objects = {

/* Begin PBXBuildFile section */
		CC2CE1111EC10755007A964F /* AppDelegate.swift in Sources */ = {isa = PBXBuildFile; fileRef = CC2CE1101EC10755007A964F /* AppDelegate.swift */; };
		CC2CE1131EC10755007A964F /* ViewController.swift in Sources */ = {isa = PBXBuildFile; fileRef = CC2CE1121EC10755007A964F /* ViewController.swift */; };
		CC2CE1161EC10755007A964F /* Main.storyboard in Resources */ = {isa = PBXBuildFile; fileRef = CC2CE1141EC10755007A964F /* Main.storyboard */; };
		CC2CE1191EC10755007A964F /* GameCollector.xcdatamodeld in Sources */ = {isa = PBXBuildFile; fileRef = CC2CE1171EC10755007A964F /* GameCollector.xcdatamodeld */; };
		CC2CE11B1EC10755007A964F /* Assets.xcassets in Resources */ = {isa = PBXBuildFile; fileRef = CC2CE11A1EC10755007A964F /* Assets.xcassets */; };
		CC2CE11E1EC10755007A964F /* LaunchScreen.storyboard in Resources */ = {isa = PBXBuildFile; fileRef = CC2CE11C1EC10755007A964F /* LaunchScreen.storyboard */; };
		CC2CE1261EC10A60007A964F /* Game.jpg in Resources */ = {isa = PBXBuildFile; fileRef = CC2CE1251EC10A60007A964F /* Game.jpg */; };
		CC2CE1281EC10B0A007A964F /* GameViewController.swift in Sources */ = {isa = PBXBuildFile; fileRef = CC2CE1271EC10B0A007A964F /* GameViewController.swift */; };
/* End PBXBuildFile section */

/* Begin PBXFileReference section */
		CC2CE10D1EC10755007A964F /* GameCollector.app */ = {isa = PBXFileReference; explicitFileType = wrapper.application; includeInIndex = 0; path = GameCollector.app; sourceTree = BUILT_PRODUCTS_DIR; };
		CC2CE1101EC10755007A964F /* AppDelegate.swift */ = {isa = PBXFileReference; lastKnownFileType = sourcecode.swift; path = AppDelegate.swift; sourceTree = "<group>"; };
		CC2CE1121EC10755007A964F /* ViewController.swift */ = {isa = PBXFileReference; lastKnownFileType = sourcecode.swift; path = ViewController.swift; sourceTree = "<group>"; };
		CC2CE1151EC10755007A964F /* Base */ = {isa = PBXFileReference; lastKnownFileType = file.storyboard; name = Base; path = Base.lproj/Main.storyboard; sourceTree = "<group>"; };
		CC2CE1181EC10755007A964F /* GameCollector.xcdatamodel */ = {isa = PBXFileReference; lastKnownFileType = wrapper.xcdatamodel; path = GameCollector.xcdatamodel; sourceTree = "<group>"; };
		CC2CE11A1EC10755007A964F /* Assets.xcassets */ = {isa = PBXFileReference; lastKnownFileType = folder.assetcatalog; path = Assets.xcassets; sourceTree = "<group>"; };
		CC2CE11D1EC10755007A964F /* Base */ = {isa = PBXFileReference; lastKnownFileType = file.storyboard; name = Base; path = Base.lproj/LaunchScreen.storyboard; sourceTree = "<group>"; };
		CC2CE11F1EC10755007A964F /* Info.plist */ = {isa = PBXFileReference; lastKnownFileType = text.plist.xml; path = Info.plist; sourceTree = "<group>"; };
		CC2CE1251EC10A60007A964F /* Game.jpg */ = {isa = PBXFileReference; lastKnownFileType = image.jpeg; path = Game.jpg; sourceTree = "<group>"; };
		CC2CE1271EC10B0A007A964F /* GameViewController.swift */ = {isa = PBXFileReference; fileEncoding = 4; lastKnownFileType = sourcecode.swift; path = GameViewController.swift; sourceTree = "<group>"; };
/* End PBXFileReference section */

/* Begin PBXFrameworksBuildPhase section */
		CC2CE10A1EC10754007A964F /* Frameworks */ = {
			isa = PBXFrameworksBuildPhase;
			buildActionMask = 2147483647;
			files = (
			);
			runOnlyForDeploymentPostprocessing = 0;
		};
/* End PBXFrameworksBuildPhase section */

/* Begin PBXGroup section */
		CC2CE1041EC10754007A964F = {
			isa = PBXGroup;
			children = (
				CC2CE10F1EC10755007A964F /* GameCollector */,
				CC2CE10E1EC10755007A964F /* Products */,
			);
			sourceTree = "<group>";
		};
		CC2CE10E1EC10755007A964F /* Products */ = {
			isa = PBXGroup;
			children = (
				CC2CE10D1EC10755007A964F /* GameCollector.app */,
			);
			name = Products;
			sourceTree = "<group>";
		};
		CC2CE10F1EC10755007A964F /* GameCollector */ = {
			isa = PBXGroup;
			children = (
				CC2CE1251EC10A60007A964F /* Game.jpg */,
				CC2CE1101EC10755007A964F /* AppDelegate.swift */,
				CC2CE1121EC10755007A964F /* ViewController.swift */,
				CC2CE1271EC10B0A007A964F /* GameViewController.swift */,
				CC2CE1141EC10755007A964F /* Main.storyboard */,
				CC2CE11A1EC10755007A964F /* Assets.xcassets */,
				CC2CE11C1EC10755007A964F /* LaunchScreen.storyboard */,
				CC2CE11F1EC10755007A964F /* Info.plist */,
				CC2CE1171EC10755007A964F /* GameCollector.xcdatamodeld */,
			);
			path = GameCollector;
			sourceTree = "<group>";
		};
/* End PBXGroup section */

/* Begin PBXNativeTarget section */
		CC2CE10C1EC10754007A964F /* GameCollector */ = {
			isa = PBXNativeTarget;
			buildConfigurationList = CC2CE1221EC10755007A964F /* Build configuration list for PBXNativeTarget "GameCollector" */;
			buildPhases = (
				CC2CE1091EC10754007A964F /* Sources */,
				CC2CE10A1EC10754007A964F /* Frameworks */,
				CC2CE10B1EC10754007A964F /* Resources */,
			);
			buildRules = (
			);
			dependencies = (
			);
			name = GameCollector;
			productName = GameCollector;
			productReference = CC2CE10D1EC10755007A964F /* GameCollector.app */;
			productType = "com.apple.product-type.application";
		};
/* End PBXNativeTarget section */

/* Begin PBXProject section */
		CC2CE1051EC10754007A964F /* Project object */ = {
			isa = PBXProject;
			attributes = {
				LastSwiftUpdateCheck = 0830;
				LastUpgradeCheck = 0830;
				ORGANIZATIONNAME = "Jorge Mota";
				TargetAttributes = {
					CC2CE10C1EC10754007A964F = {
						CreatedOnToolsVersion = 8.3.2;
						ProvisioningStyle = Automatic;
					};
				};
			};
			buildConfigurationList = CC2CE1081EC10754007A964F /* Build configuration list for PBXProject "GameCollector" */;
			compatibilityVersion = "Xcode 3.2";
			developmentRegion = English;
			hasScannedForEncodings = 0;
			knownRegions = (
				en,
				Base,
			);
			mainGroup = CC2CE1041EC10754007A964F;
			productRefGroup = CC2CE10E1EC10755007A964F /* Products */;
			projectDirPath = "";
			projectRoot = "";
			targets = (
				CC2CE10C1EC10754007A964F /* GameCollector */,
			);
		};
/* End PBXProject section */

/* Begin PBXResourcesBuildPhase section */
		CC2CE10B1EC10754007A964F /* Resources */ = {
			isa = PBXResourcesBuildPhase;
			buildActionMask = 2147483647;
			files = (
				CC2CE11E1EC10755007A964F /* LaunchScreen.storyboard in Resources */,
				CC2CE1261EC10A60007A964F /* Game.jpg in Resources */,
				CC2CE11B1EC10755007A964F /* Assets.xcassets in Resources */,
				CC2CE1161EC10755007A964F /* Main.storyboard in Resources */,
			);
			runOnlyForDeploymentPostprocessing = 0;
		};
/* End PBXResourcesBuildPhase section */

/* Begin PBXSourcesBuildPhase section */
		CC2CE1091EC10754007A964F /* Sources */ = {
			isa = PBXSourcesBuildPhase;
			buildActionMask = 2147483647;
			files = (
				CC2CE1281EC10B0A007A964F /* GameViewController.swift in Sources */,
				CC2CE1191EC10755007A964F /* GameCollector.xcdatamodeld in Sources */,
				CC2CE1131EC10755007A964F /* ViewController.swift in Sources */,
				CC2CE1111EC10755007A964F /* AppDelegate.swift in Sources */,
			);
			runOnlyForDeploymentPostprocessing = 0;
		};
/* End PBXSourcesBuildPhase section */

/* Begin PBXVariantGroup section */
		CC2CE1141EC10755007A964F /* Main.storyboard */ = {
			isa = PBXVariantGroup;
			children = (
				CC2CE1151EC10755007A964F /* Base */,
			);
			name = Main.storyboard;
			sourceTree = "<group>";
		};
		CC2CE11C1EC10755007A964F /* LaunchScreen.storyboard */ = {
			isa = PBXVariantGroup;
			children = (
				CC2CE11D1EC10755007A964F /* Base */,
			);
			name = LaunchScreen.storyboard;
			sourceTree = "<group>";
		};
/* End PBXVariantGroup section */

/* Begin XCBuildConfiguration section */
		CC2CE1201EC10755007A964F /* Debug */ = {
			isa = XCBuildConfiguration;
			buildSettings = {
				ALWAYS_SEARCH_USER_PATHS = NO;
				CLANG_ANALYZER_NONNULL = YES;
				CLANG_ANALYZER_NUMBER_OBJECT_CONVERSION = YES_AGGRESSIVE;
				CLANG_CXX_LANGUAGE_STANDARD = "gnu++0x";
				CLANG_CXX_LIBRARY = "libc++";
				CLANG_ENABLE_MODULES = YES;
				CLANG_ENABLE_OBJC_ARC = YES;
				CLANG_WARN_BOOL_CONVERSION = YES;
				CLANG_WARN_CONSTANT_CONVERSION = YES;
				CLANG_WARN_DIRECT_OBJC_ISA_USAGE = YES_ERROR;
				CLANG_WARN_DOCUMENTATION_COMMENTS = YES;
				CLANG_WARN_EMPTY_BODY = YES;
				CLANG_WARN_ENUM_CONVERSION = YES;
				CLANG_WARN_INFINITE_RECURSION = YES;
				CLANG_WARN_INT_CONVERSION = YES;
				CLANG_WARN_OBJC_ROOT_CLASS = YES_ERROR;
				CLANG_WARN_SUSPICIOUS_MOVE = YES;
				CLANG_WARN_UNREACHABLE_CODE = YES;
				CLANG_WARN__DUPLICATE_METHOD_MATCH = YES;
				"CODE_SIGN_IDENTITY[sdk=iphoneos*]" = "iPhone Developer";
				COPY_PHASE_STRIP = NO;
				DEBUG_INFORMATION_FORMAT = dwarf;
				ENABLE_STRICT_OBJC_MSGSEND = YES;
				ENABLE_TESTABILITY = YES;
				GCC_C_LANGUAGE_STANDARD = gnu99;
				GCC_DYNAMIC_NO_PIC = NO;
				GCC_NO_COMMON_BLOCKS = YES;
				GCC_OPTIMIZATION_LEVEL = 0;
				GCC_PREPROCESSOR_DEFINITIONS = (
					"DEBUG=1",
					"$(inherited)",
				);
				GCC_WARN_64_TO_32_BIT_CONVERSION = YES;
				GCC_WARN_ABOUT_RETURN_TYPE = YES_ERROR;
				GCC_WARN_UNDECLARED_SELECTOR = YES;
				GCC_WARN_UNINITIALIZED_AUTOS = YES_AGGRESSIVE;
				GCC_WARN_UNUSED_FUNCTION = YES;
				GCC_WARN_UNUSED_VARIABLE = YES;
				IPHONEOS_DEPLOYMENT_TARGET = 10.3;
				MTL_ENABLE_DEBUG_INFO = YES;
				ONLY_ACTIVE_ARCH = YES;
				SDKROOT = iphoneos;
				SWIFT_ACTIVE_COMPILATION_CONDITIONS = DEBUG;
				SWIFT_OPTIMIZATION_LEVEL = "-Onone";
				TARGETED_DEVICE_FAMILY = "1,2";
			};
			name = Debug;
		};
		CC2CE1211EC10755007A964F /* Release */ = {
			isa = XCBuildConfiguration;
			buildSettings = {
				ALWAYS_SEARCH_USER_PATHS = NO;
				CLANG_ANALYZER_NONNULL = YES;
				CLANG_ANALYZER_NUMBER_OBJECT_CONVERSION = YES_AGGRESSIVE;
				CLANG_CXX_LANGUAGE_STANDARD = "gnu++0x";
				CLANG_CXX_LIBRARY = "libc++";
				CLANG_ENABLE_MODULES = YES;
				CLANG_ENABLE_OBJC_ARC = YES;
				CLANG_WARN_BOOL_CONVERSION = YES;
				CLANG_WARN_CONSTANT_CONVERSION = YES;
				CLANG_WARN_DIRECT_OBJC_ISA_USAGE = YES_ERROR;
				CLANG_WARN_DOCUMENTATION_COMMENTS = YES;
				CLANG_WARN_EMPTY_BODY = YES;
				CLANG_WARN_ENUM_CONVERSION = YES;
				CLANG_WARN_INFINITE_RECURSION = YES;
				CLANG_WARN_INT_CONVERSION = YES;
				CLANG_WARN_OBJC_ROOT_CLASS = YES_ERROR;
				CLANG_WARN_SUSPICIOUS_MOVE = YES;
				CLANG_WARN_UNREACHABLE_CODE = YES;
				CLANG_WARN__DUPLICATE_METHOD_MATCH = YES;
				"CODE_SIGN_IDENTITY[sdk=iphoneos*]" = "iPhone Developer";
				COPY_PHASE_STRIP = NO;
				DEBUG_INFORMATION_FORMAT = "dwarf-with-dsym";
				ENABLE_NS_ASSERTIONS = NO;
				ENABLE_STRICT_OBJC_MSGSEND = YES;
				GCC_C_LANGUAGE_STANDARD = gnu99;
				GCC_NO_COMMON_BLOCKS = YES;
				GCC_WARN_64_TO_32_BIT_CONVERSION = YES;
				GCC_WARN_ABOUT_RETURN_TYPE = YES_ERROR;
				GCC_WARN_UNDECLARED_SELECTOR = YES;
				GCC_WARN_UNINITIALIZED_AUTOS = YES_AGGRESSIVE;
				GCC_WARN_UNUSED_FUNCTION = YES;
				GCC_WARN_UNUSED_VARIABLE = YES;
				IPHONEOS_DEPLOYMENT_TARGET = 10.3;
				MTL_ENABLE_DEBUG_INFO = NO;
				SDKROOT = iphoneos;
				SWIFT_OPTIMIZATION_LEVEL = "-Owholemodule";
				TARGETED_DEVICE_FAMILY = "1,2";
				VALIDATE_PRODUCT = YES;
			};
			name = Release;
		};
		CC2CE1231EC10755007A964F /* Debug */ = {
			isa = XCBuildConfiguration;
			buildSettings = {
				ASSETCATALOG_COMPILER_APPICON_NAME = AppIcon;
				INFOPLIST_FILE = GameCollector/Info.plist;
				LD_RUNPATH_SEARCH_PATHS = "$(inherited) @executable_path/Frameworks";
				PRODUCT_BUNDLE_IDENTIFIER = jorgemota.GameCollector;
				PRODUCT_NAME = "$(TARGET_NAME)";
				SWIFT_VERSION = 3.0;
			};
			name = Debug;
		};
		CC2CE1241EC10755007A964F /* Release */ = {
			isa = XCBuildConfiguration;
			buildSettings = {
				ASSETCATALOG_COMPILER_APPICON_NAME = AppIcon;
				INFOPLIST_FILE = GameCollector/Info.plist;
				LD_RUNPATH_SEARCH_PATHS = "$(inherited) @executable_path/Frameworks";
				PRODUCT_BUNDLE_IDENTIFIER = jorgemota.GameCollector;
				PRODUCT_NAME = "$(TARGET_NAME)";
				SWIFT_VERSION = 3.0;
			};
			name = Release;
		};
/* End XCBuildConfiguration section */

/* Begin XCConfigurationList section */
		CC2CE1081EC10754007A964F /* Build configuration list for PBXProject "GameCollector" */ = {
			isa = XCConfigurationList;
			buildConfigurations = (
				CC2CE1201EC10755007A964F /* Debug */,
				CC2CE1211EC10755007A964F /* Release */,
			);
			defaultConfigurationIsVisible = 0;
			defaultConfigurationName = Release;
		};
		CC2CE1221EC10755007A964F /* Build configuration list for PBXNativeTarget "GameCollector" */ = {
			isa = XCConfigurationList;
			buildConfigurations = (
				CC2CE1231EC10755007A964F /* Debug */,
				CC2CE1241EC10755007A964F /* Release */,
			);
			defaultConfigurationIsVisible = 0;
			defaultConfigurationName = Release;
		};
/* End XCConfigurationList section */

/* Begin XCVersionGroup section */
		CC2CE1171EC10755007A964F /* GameCollector.xcdatamodeld */ = {
			isa = XCVersionGroup;
			children = (
				CC2CE1181EC10755007A964F /* GameCollector.xcdatamodel */,
			);
			currentVersion = CC2CE1181EC10755007A964F /* GameCollector.xcdatamodel */;
			path = GameCollector.xcdatamodeld;
			sourceTree = "<group>";
			versionGroupType = wrapper.xcdatamodel;
		};
/* End XCVersionGroup section */
	};
	rootObject = CC2CE1051EC10754007A964F /* Project object */;
}
